# This file is generated by running "yarn install" inside your project.
# Manual changes might be lost - proceed with caution!

__metadata:
  version: 4
  cacheKey: 8

"left-pad@npm:^1.3.0":
  version: 1.3.0
  resolution: "left-pad@npm:1.3.0"
  checksum: 13fa96e17b70a54836490de22d4bab706e2ed508338bbabecfac72ecce445a74139c5b009a8112252cab8fc4ab7ac4ebd870e5b35bd236b443b12be96f8745ac
  languageName: node
  linkType: hard

"yarnpkg-checksum-test-dep@github:jhurliman/yarnpkg-checksum-test-dep#5fc6087fcda7c064d0065219ac741bac242216db":
  version: 0.0.1
  resolution: "yarnpkg-checksum-test-dep@https://github.com/jhurliman/yarnpkg-checksum-test-dep.git#commit=5fc6087fcda7c064d0065219ac741bac242216db"
  dependencies:
    left-pad: ^1.3.0
  checksum: 13bd2fff489e347f3911faf3ca81640253322935f2687df7e391a41a08d27669e9de32ae7e73f3bd351066ee2744fe25cb6a4c8a0d921955c7697df32258c285
  languageName: node
  linkType: hard

"yarnpkg-checksum-test@workspace:.":
  version: 0.0.0-use.local
  resolution: "yarnpkg-checksum-test@workspace:."
  dependencies:
    yarnpkg-checksum-test-dep: "github:jhurliman/yarnpkg-checksum-test-dep#5fc6087fcda7c064d0065219ac741bac242216db"
  languageName: unknown
  linkType: soft
